
Microsoft Visual Studio Solution File, Format Version 12.00
# Visual Studio 15
VisualStudioVersion = 15.0.28307.645
MinimumVisualStudioVersion = 10.0.40219.1
Project("{FAE04EC0-301F-11D3-BF4B-00C04F79EFBC}") = "XamarinTileWmsMap.Android", "XamarinTileWmsMap\XamarinTileWmsMap.Android\XamarinTileWmsMap.Android.csproj", "{755B78E1-CEB5-48B6-A7C2-D125EB69AD64}"
EndProject
Project("{FAE04EC0-301F-11D3-BF4B-00C04F79EFBC}") = "XamarinTileWmsMap", "XamarinTileWmsMap\XamarinTileWmsMap\XamarinTileWmsMap.csproj", "{A3E8253B-D1A0-4E6E-8B38-1E52F6046F4E}"
EndProject
Global
	GlobalSection(SolutionConfigurationPlatforms) = preSolution
		Debug|Any CPU = Debug|Any CPU
		Release|Any CPU = Release|Any CPU
	EndGlobalSection
	GlobalSection(ProjectConfigurationPlatforms) = postSolution
		{755B78E1-CEB5-48B6-A7C2-D125EB69AD64}.Debug|Any CPU.ActiveCfg = Debug|Any CPU
		{755B78E1-CEB5-48B6-A7C2-D125EB69AD64}.Debug|Any CPU.Build.0 = Debug|Any CPU
		{755B78E1-CEB5-48B6-A7C2-D125EB69AD64}.Debug|Any CPU.Deploy.0 = Debug|Any CPU
		{755B78E1-CEB5-48B6-A7C2-D125EB69AD64}.Release|Any CPU.ActiveCfg = Release|Any CPU
		{755B78E1-CEB5-48B6-A7C2-D125EB69AD64}.Release|Any CPU.Build.0 = Release|Any CPU
		{755B78E1-CEB5-48B6-A7C2-D125EB69AD64}.Release|Any CPU.Deploy.0 = Release|Any CPU
		{A3E8253B-D1A0-4E6E-8B38-1E52F6046F4E}.Debug|Any CPU.ActiveCfg = Debug|Any CPU
		{A3E8253B-D1A0-4E6E-8B38-1E52F6046F4E}.Debug|Any CPU.Build.0 = Debug|Any CPU
		{A3E8253B-D1A0-4E6E-8B38-1E52F6046F4E}.Debug|Any CPU.Deploy.0 = Debug|Any CPU
		{A3E8253B-D1A0-4E6E-8B38-1E52F6046F4E}.Release|Any CPU.ActiveCfg = Release|Any CPU
		{A3E8253B-D1A0-4E6E-8B38-1E52F6046F4E}.Release|Any CPU.Build.0 = Release|Any CPU
		{A3E8253B-D1A0-4E6E-8B38-1E52F6046F4E}.Release|Any CPU.Deploy.0 = Release|Any CPU
	EndGlobalSection
	GlobalSection(SolutionProperties) = preSolution
		HideSolutionNode = FALSE
	EndGlobalSection
	GlobalSection(ExtensibilityGlobals) = postSolution
		SolutionGuid = {041025FE-A0D4-4F62-9949-26E979426103}
	EndGlobalSection
EndGlobal
